
Microsoft Visual Studio Solution File, Format Version 12.00
# Visual Studio Version 17
VisualStudioVersion = 17.0.31903.59
MinimumVisualStudioVersion = 10.0.40219.1
Project("{FAE04EC0-301F-11D3-BF4B-00C04F79EFBC}") = "OpeniddictServer", "src\OpeniddictServer\OpeniddictServer.csproj", "{C4ECAB44-36F1-494B-85D2-DB229E58E661}"
EndProject
Project("{FAE04EC0-301F-11D3-BF4B-00C04F79EFBC}") = "Api", "src\Api\Api.csproj", "{DFAB9F4C-75CC-43E1-BAC6-0ABFC8CDBC01}"
EndProject
Project("{FAE04EC0-301F-11D3-BF4B-00C04F79EFBC}") = "ApiOpenIddict", "src\ApiOpenIddict\ApiOpenIddict.csproj", "{DBBDE389-523F-4F8D-875B-BF074413BDA7}"
EndProject
Project("{FAE04EC0-301F-11D3-BF4B-00C04F79EFBC}") = "Client", "src\Client\Client.csproj", "{C89F0C59-9D23-40D6-BA6B-4F062DCD92BE}"
EndProject
Project("{FAE04EC0-301F-11D3-BF4B-00C04F79EFBC}") = "WebClient", "src\WebClient\WebClient.csproj", "{1DD7E886-B1E6-4377-A64A-78D4BF76EA74}"
EndProject
Global
	GlobalSection(SolutionConfigurationPlatforms) = preSolution
		Debug|Any CPU = Debug|Any CPU
		Release|Any CPU = Release|Any CPU
	EndGlobalSection
	GlobalSection(SolutionProperties) = preSolution
		HideSolutionNode = FALSE
	EndGlobalSection
	GlobalSection(ProjectConfigurationPlatforms) = postSolution
		{C4ECAB44-36F1-494B-85D2-DB229E58E661}.Debug|Any CPU.ActiveCfg = Debug|Any CPU
		{C4ECAB44-36F1-494B-85D2-DB229E58E661}.Debug|Any CPU.Build.0 = Debug|Any CPU
		{C4ECAB44-36F1-494B-85D2-DB229E58E661}.Release|Any CPU.ActiveCfg = Release|Any CPU
		{C4ECAB44-36F1-494B-85D2-DB229E58E661}.Release|Any CPU.Build.0 = Release|Any CPU
		{DFAB9F4C-75CC-43E1-BAC6-0ABFC8CDBC01}.Debug|Any CPU.ActiveCfg = Debug|Any CPU
		{DFAB9F4C-75CC-43E1-BAC6-0ABFC8CDBC01}.Debug|Any CPU.Build.0 = Debug|Any CPU
		{DFAB9F4C-75CC-43E1-BAC6-0ABFC8CDBC01}.Release|Any CPU.ActiveCfg = Release|Any CPU
		{DFAB9F4C-75CC-43E1-BAC6-0ABFC8CDBC01}.Release|Any CPU.Build.0 = Release|Any CPU
		{DBBDE389-523F-4F8D-875B-BF074413BDA7}.Debug|Any CPU.ActiveCfg = Debug|Any CPU
		{DBBDE389-523F-4F8D-875B-BF074413BDA7}.Debug|Any CPU.Build.0 = Debug|Any CPU
		{DBBDE389-523F-4F8D-875B-BF074413BDA7}.Release|Any CPU.ActiveCfg = Release|Any CPU
		{DBBDE389-523F-4F8D-875B-BF074413BDA7}.Release|Any CPU.Build.0 = Release|Any CPU
		{C89F0C59-9D23-40D6-BA6B-4F062DCD92BE}.Debug|Any CPU.ActiveCfg = Debug|Any CPU
		{C89F0C59-9D23-40D6-BA6B-4F062DCD92BE}.Debug|Any CPU.Build.0 = Debug|Any CPU
		{C89F0C59-9D23-40D6-BA6B-4F062DCD92BE}.Release|Any CPU.ActiveCfg = Release|Any CPU
		{C89F0C59-9D23-40D6-BA6B-4F062DCD92BE}.Release|Any CPU.Build.0 = Release|Any CPU
		{1DD7E886-B1E6-4377-A64A-78D4BF76EA74}.Debug|Any CPU.ActiveCfg = Debug|Any CPU
		{1DD7E886-B1E6-4377-A64A-78D4BF76EA74}.Debug|Any CPU.Build.0 = Debug|Any CPU
		{1DD7E886-B1E6-4377-A64A-78D4BF76EA74}.Release|Any CPU.ActiveCfg = Release|Any CPU
		{1DD7E886-B1E6-4377-A64A-78D4BF76EA74}.Release|Any CPU.Build.0 = Release|Any CPU
	EndGlobalSection
EndGlobal
