
Microsoft Visual Studio Solution File, Format Version 12.00
# Visual Studio Version 17
VisualStudioVersion = 17.7.34221.43
MinimumVisualStudioVersion = 10.0.40219.1
Project("{9A19103F-16F7-4668-BE54-9A1E7A4F7556}") = "BlazorApp", "BlazorApp\BlazorApp.csproj", "{AB089599-6BFF-42DB-A9BE-AB1198CF5A1E}"
EndProject
Project("{9A19103F-16F7-4668-BE54-9A1E7A4F7556}") = "BlazorWebassembly", "BlazorWebassembly\BlazorWebassembly.csproj", "{1F7DEC88-90DA-4729-9428-3BBA2E7BE08D}"
EndProject
Project("{9A19103F-16F7-4668-BE54-9A1E7A4F7556}") = "GridStack", "GridStack\GridStack.csproj", "{BEFE325E-D1B6-45E2-874F-C4DC41510A48}"
EndProject
Project("{9A19103F-16F7-4668-BE54-9A1E7A4F7556}") = "MudBlazorServer", "MudBlazorServer\MudBlazorServer.csproj", "{B74EC343-8E58-49BC-A113-EEBC6256DC45}"
EndProject
Project("{9A19103F-16F7-4668-BE54-9A1E7A4F7556}") = "MudBlazorWasm", "MudBlazorWasm\MudBlazorWasm.csproj", "{49CA44E7-89FA-4BB4-AA83-B6E286868D88}"
EndProject
Project("{9A19103F-16F7-4668-BE54-9A1E7A4F7556}") = "BlazorLiveCharts2", "BlazorLiveCharts2\BlazorLiveCharts2.csproj", "{1E9E7D24-C207-414B-92A5-030D8A84A55D}"
EndProject
Global
	GlobalSection(SolutionConfigurationPlatforms) = preSolution
		Debug|Any CPU = Debug|Any CPU
		Release|Any CPU = Release|Any CPU
	EndGlobalSection
	GlobalSection(ProjectConfigurationPlatforms) = postSolution
		{AB089599-6BFF-42DB-A9BE-AB1198CF5A1E}.Debug|Any CPU.ActiveCfg = Debug|Any CPU
		{AB089599-6BFF-42DB-A9BE-AB1198CF5A1E}.Debug|Any CPU.Build.0 = Debug|Any CPU
		{AB089599-6BFF-42DB-A9BE-AB1198CF5A1E}.Release|Any CPU.ActiveCfg = Release|Any CPU
		{AB089599-6BFF-42DB-A9BE-AB1198CF5A1E}.Release|Any CPU.Build.0 = Release|Any CPU
		{1F7DEC88-90DA-4729-9428-3BBA2E7BE08D}.Debug|Any CPU.ActiveCfg = Debug|Any CPU
		{1F7DEC88-90DA-4729-9428-3BBA2E7BE08D}.Debug|Any CPU.Build.0 = Debug|Any CPU
		{1F7DEC88-90DA-4729-9428-3BBA2E7BE08D}.Release|Any CPU.ActiveCfg = Release|Any CPU
		{1F7DEC88-90DA-4729-9428-3BBA2E7BE08D}.Release|Any CPU.Build.0 = Release|Any CPU
		{BEFE325E-D1B6-45E2-874F-C4DC41510A48}.Debug|Any CPU.ActiveCfg = Debug|Any CPU
		{BEFE325E-D1B6-45E2-874F-C4DC41510A48}.Debug|Any CPU.Build.0 = Debug|Any CPU
		{BEFE325E-D1B6-45E2-874F-C4DC41510A48}.Release|Any CPU.ActiveCfg = Release|Any CPU
		{BEFE325E-D1B6-45E2-874F-C4DC41510A48}.Release|Any CPU.Build.0 = Release|Any CPU
		{B74EC343-8E58-49BC-A113-EEBC6256DC45}.Debug|Any CPU.ActiveCfg = Debug|Any CPU
		{B74EC343-8E58-49BC-A113-EEBC6256DC45}.Debug|Any CPU.Build.0 = Debug|Any CPU
		{B74EC343-8E58-49BC-A113-EEBC6256DC45}.Release|Any CPU.ActiveCfg = Release|Any CPU
		{B74EC343-8E58-49BC-A113-EEBC6256DC45}.Release|Any CPU.Build.0 = Release|Any CPU
		{49CA44E7-89FA-4BB4-AA83-B6E286868D88}.Debug|Any CPU.ActiveCfg = Debug|Any CPU
		{49CA44E7-89FA-4BB4-AA83-B6E286868D88}.Debug|Any CPU.Build.0 = Debug|Any CPU
		{49CA44E7-89FA-4BB4-AA83-B6E286868D88}.Release|Any CPU.ActiveCfg = Release|Any CPU
		{49CA44E7-89FA-4BB4-AA83-B6E286868D88}.Release|Any CPU.Build.0 = Release|Any CPU
		{1E9E7D24-C207-414B-92A5-030D8A84A55D}.Debug|Any CPU.ActiveCfg = Debug|Any CPU
		{1E9E7D24-C207-414B-92A5-030D8A84A55D}.Debug|Any CPU.Build.0 = Debug|Any CPU
		{1E9E7D24-C207-414B-92A5-030D8A84A55D}.Release|Any CPU.ActiveCfg = Release|Any CPU
		{1E9E7D24-C207-414B-92A5-030D8A84A55D}.Release|Any CPU.Build.0 = Release|Any CPU
	EndGlobalSection
	GlobalSection(SolutionProperties) = preSolution
		HideSolutionNode = FALSE
	EndGlobalSection
	GlobalSection(ExtensibilityGlobals) = postSolution
		SolutionGuid = {E6CE005C-42A0-4823-8EEA-88663AA90E54}
	EndGlobalSection
EndGlobal
