
Microsoft Visual Studio Solution File, Format Version 12.00
# Visual Studio Version 17
VisualStudioVersion = 17.7.34221.43
MinimumVisualStudioVersion = 10.0.40219.1
Project("{9A19103F-16F7-4668-BE54-9A1E7A4F7556}") = "MudBlazorServer", "MudBlazorServer\MudBlazorServer.csproj", "{D484A052-0D41-458B-B6A6-D76BCF6823D9}"
EndProject
Project("{FAE04EC0-301F-11D3-BF4B-00C04F79EFBC}") = "MudBlazorWasm", "MudBlazorWasm\MudBlazorWasm.csproj", "{C03E0DB9-8F0E-44A1-9832-A03B6F092EBC}"
EndProject
Global
	GlobalSection(SolutionConfigurationPlatforms) = preSolution
		Debug|Any CPU = Debug|Any CPU
		Release|Any CPU = Release|Any CPU
	EndGlobalSection
	GlobalSection(ProjectConfigurationPlatforms) = postSolution
		{D484A052-0D41-458B-B6A6-D76BCF6823D9}.Debug|Any CPU.ActiveCfg = Debug|Any CPU
		{D484A052-0D41-458B-B6A6-D76BCF6823D9}.Debug|Any CPU.Build.0 = Debug|Any CPU
		{D484A052-0D41-458B-B6A6-D76BCF6823D9}.Release|Any CPU.ActiveCfg = Release|Any CPU
		{D484A052-0D41-458B-B6A6-D76BCF6823D9}.Release|Any CPU.Build.0 = Release|Any CPU
		{C03E0DB9-8F0E-44A1-9832-A03B6F092EBC}.Debug|Any CPU.ActiveCfg = Debug|Any CPU
		{C03E0DB9-8F0E-44A1-9832-A03B6F092EBC}.Debug|Any CPU.Build.0 = Debug|Any CPU
		{C03E0DB9-8F0E-44A1-9832-A03B6F092EBC}.Release|Any CPU.ActiveCfg = Release|Any CPU
		{C03E0DB9-8F0E-44A1-9832-A03B6F092EBC}.Release|Any CPU.Build.0 = Release|Any CPU
	EndGlobalSection
	GlobalSection(SolutionProperties) = preSolution
		HideSolutionNode = FALSE
	EndGlobalSection
	GlobalSection(ExtensibilityGlobals) = postSolution
		SolutionGuid = {A009F516-49EE-488B-9E28-760E34B88FB8}
	EndGlobalSection
EndGlobal
